
Microsoft Visual Studio Solution File, Format Version 12.00
# Visual Studio 14
VisualStudioVersion = 14.0.25420.1
MinimumVisualStudioVersion = 10.0.40219.1
Project("{FAE04EC0-301F-11D3-BF4B-00C04F79EFBC}") = "Burton.Lib.Alg.PriorityQueue", "Burton.Lib.Alg.PriorityQueue\Burton.Lib.Alg.PriorityQueue.csproj", "{C888B906-6E1E-4020-8E29-9536FDECFFF5}"
EndProject
Project("{FAE04EC0-301F-11D3-BF4B-00C04F79EFBC}") = "Burton.ExtensionMethods.Float", "Burton.ExtensionMethods\Burton.ExtensionMethods.Float.csproj", "{E3606D5A-B79C-409D-8144-5217D56C5B6A}"
EndProject
Project("{FAE04EC0-301F-11D3-BF4B-00C04F79EFBC}") = "Burton.Lib.Graph", "Burton.Lib.Graph\Burton.Lib.Graph.csproj", "{2AFB63FE-05C1-4FE3-ABB7-8EB3704BA789}"
EndProject
Project("{2150E333-8FDC-42A3-9474-1A3956D46DE8}") = "Scratch", "Scratch", "{3D618E62-0684-4617-83EE-D176EA31F4D3}"
EndProject
Project("{FAE04EC0-301F-11D3-BF4B-00C04F79EFBC}") = "Burton.Lib.Types.Tuple", "Burton.Lib.Types.Tuple\Burton.Lib.Types.Tuple.csproj", "{D0788EFD-E9EC-4159-A0D5-FAF34E15A34A}"
EndProject
Project("{FAE04EC0-301F-11D3-BF4B-00C04F79EFBC}") = "IndexedPriorityQueueTests", "Scratch\IndexedPriorityQueueTests\IndexedPriorityQueueTests.csproj", "{1837B6D7-4A54-4961-995F-B70B70D00C9B}"
EndProject
Project("{FAE04EC0-301F-11D3-BF4B-00C04F79EFBC}") = "WindowsFormsApplication1", "Scratch\WindowsFormsApplication1\WindowsFormsApplication1.csproj", "{FA28794B-F0F2-443A-A7BE-C311B2464E73}"
EndProject
Project("{FAE04EC0-301F-11D3-BF4B-00C04F79EFBC}") = "IndexedPriorityQueue Console Test", "Scratch\IndexedPriorityQueue Console Test\IndexedPriorityQueue Console Test.csproj", "{CCDE9554-388D-4B6F-B277-CCAE1EFBFA47}"
EndProject
Project("{2150E333-8FDC-42A3-9474-1A3956D46DE8}") = "Burton.Applications", "Burton.Applications", "{93B75227-7725-4B5E-9E96-33993F8A1A06}"
EndProject
Project("{FAE04EC0-301F-11D3-BF4B-00C04F79EFBC}") = "MapEditor_WinForms", "Burton.Applications\MapEditor_WinForms\MapEditor_WinForms.csproj", "{990DA749-B203-4C3F-89A4-F22CC26E6657}"
EndProject
Project("{FAE04EC0-301F-11D3-BF4B-00C04F79EFBC}") = "MapEditor_WPF", "Burton.Applications\MapEditor_WPF\MapEditor_WPF.csproj", "{13A66743-E8F5-470F-BC57-E75A0C7DE94F}"
EndProject
Project("{FAE04EC0-301F-11D3-BF4B-00C04F79EFBC}") = "Burton.Lib.Game", "Burton.Lib.Game\Burton.Lib.Game.csproj", "{3B5B7C3A-EBF4-43EC-9ACC-25614C6BDD11}"
EndProject
Project("{FAE04EC0-301F-11D3-BF4B-00C04F79EFBC}") = "Burton.Lib.GameEntity", "Burton.Lib.GameEntity\Burton.Lib.GameEntity.csproj", "{9BEAC654-22DD-4B12-AA6E-5E5D9B03923B}"
EndProject
Project("{FAE04EC0-301F-11D3-BF4B-00C04F79EFBC}") = "Burton.Lib.Math", "Burton.Lib.Math\Burton.Lib.Math.csproj", "{0755320C-7C06-422C-96D4-44AEDB0E1B5B}"
EndProject
Project("{FAE04EC0-301F-11D3-BF4B-00C04F79EFBC}") = "Burton.Lib.Characters", "Burton.Lib.Character\Burton.Lib.Characters.csproj", "{F6700042-C536-46AC-AC71-6AD2555032FA}"
EndProject
Project("{FAE04EC0-301F-11D3-BF4B-00C04F79EFBC}") = "Burton.Lib.SimpleDB", "Burton.Lib.SimpleDB\Burton.Lib.SimpleDB.csproj", "{BA7539B2-DF91-47A3-9C9E-400A8362897E}"
EndProject
Project("{FAE04EC0-301F-11D3-BF4B-00C04F79EFBC}") = "SimpleDB_Test", "Scratch\SimpleDB_Test\SimpleDB_Test.csproj", "{22783365-6E41-4C6D-A8E3-B0548E245FB7}"
EndProject
Project("{FAE04EC0-301F-11D3-BF4B-00C04F79EFBC}") = "Burton.Lib.Dice", "Burton.Lib.Dice\Burton.Lib.Dice.csproj", "{3267817F-744F-48D1-B0D6-BFDD4DCB68A7}"
EndProject
Project("{FAE04EC0-301F-11D3-BF4B-00C04F79EFBC}") = "Burton.Extensions.DeepCopy", "Burton.Extensions.DeepCopy\Burton.Extensions.DeepCopy.csproj", "{E0998E8E-494F-4CAA-8BD5-692AC69F0B93}"
EndProject
Project("{FAE04EC0-301F-11D3-BF4B-00C04F79EFBC}") = "Expression_Test", "Scratch\Expression_Test\Expression_Test.csproj", "{A1FE1758-1E08-4350-AECD-ACAEFDD9AA9C}"
EndProject
Global
	GlobalSection(SolutionConfigurationPlatforms) = preSolution
		Debug|Any CPU = Debug|Any CPU
		Release|Any CPU = Release|Any CPU
	EndGlobalSection
	GlobalSection(ProjectConfigurationPlatforms) = postSolution
		{C888B906-6E1E-4020-8E29-9536FDECFFF5}.Debug|Any CPU.ActiveCfg = Debug|Any CPU
		{C888B906-6E1E-4020-8E29-9536FDECFFF5}.Debug|Any CPU.Build.0 = Debug|Any CPU
		{C888B906-6E1E-4020-8E29-9536FDECFFF5}.Release|Any CPU.ActiveCfg = Release|Any CPU
		{C888B906-6E1E-4020-8E29-9536FDECFFF5}.Release|Any CPU.Build.0 = Release|Any CPU
		{E3606D5A-B79C-409D-8144-5217D56C5B6A}.Debug|Any CPU.ActiveCfg = Debug|Any CPU
		{E3606D5A-B79C-409D-8144-5217D56C5B6A}.Debug|Any CPU.Build.0 = Debug|Any CPU
		{E3606D5A-B79C-409D-8144-5217D56C5B6A}.Release|Any CPU.ActiveCfg = Release|Any CPU
		{E3606D5A-B79C-409D-8144-5217D56C5B6A}.Release|Any CPU.Build.0 = Release|Any CPU
		{2AFB63FE-05C1-4FE3-ABB7-8EB3704BA789}.Debug|Any CPU.ActiveCfg = Debug|Any CPU
		{2AFB63FE-05C1-4FE3-ABB7-8EB3704BA789}.Debug|Any CPU.Build.0 = Debug|Any CPU
		{2AFB63FE-05C1-4FE3-ABB7-8EB3704BA789}.Release|Any CPU.ActiveCfg = Release|Any CPU
		{2AFB63FE-05C1-4FE3-ABB7-8EB3704BA789}.Release|Any CPU.Build.0 = Release|Any CPU
		{D0788EFD-E9EC-4159-A0D5-FAF34E15A34A}.Debug|Any CPU.ActiveCfg = Debug|Any CPU
		{D0788EFD-E9EC-4159-A0D5-FAF34E15A34A}.Debug|Any CPU.Build.0 = Debug|Any CPU
		{D0788EFD-E9EC-4159-A0D5-FAF34E15A34A}.Release|Any CPU.ActiveCfg = Release|Any CPU
		{D0788EFD-E9EC-4159-A0D5-FAF34E15A34A}.Release|Any CPU.Build.0 = Release|Any CPU
		{1837B6D7-4A54-4961-995F-B70B70D00C9B}.Debug|Any CPU.ActiveCfg = Debug|Any CPU
		{1837B6D7-4A54-4961-995F-B70B70D00C9B}.Debug|Any CPU.Build.0 = Debug|Any CPU
		{1837B6D7-4A54-4961-995F-B70B70D00C9B}.Release|Any CPU.ActiveCfg = Release|Any CPU
		{1837B6D7-4A54-4961-995F-B70B70D00C9B}.Release|Any CPU.Build.0 = Release|Any CPU
		{FA28794B-F0F2-443A-A7BE-C311B2464E73}.Debug|Any CPU.ActiveCfg = Debug|Any CPU
		{FA28794B-F0F2-443A-A7BE-C311B2464E73}.Debug|Any CPU.Build.0 = Debug|Any CPU
		{FA28794B-F0F2-443A-A7BE-C311B2464E73}.Release|Any CPU.ActiveCfg = Release|Any CPU
		{FA28794B-F0F2-443A-A7BE-C311B2464E73}.Release|Any CPU.Build.0 = Release|Any CPU
		{CCDE9554-388D-4B6F-B277-CCAE1EFBFA47}.Debug|Any CPU.ActiveCfg = Debug|Any CPU
		{CCDE9554-388D-4B6F-B277-CCAE1EFBFA47}.Debug|Any CPU.Build.0 = Debug|Any CPU
		{CCDE9554-388D-4B6F-B277-CCAE1EFBFA47}.Release|Any CPU.ActiveCfg = Release|Any CPU
		{CCDE9554-388D-4B6F-B277-CCAE1EFBFA47}.Release|Any CPU.Build.0 = Release|Any CPU
		{990DA749-B203-4C3F-89A4-F22CC26E6657}.Debug|Any CPU.ActiveCfg = Debug|Any CPU
		{990DA749-B203-4C3F-89A4-F22CC26E6657}.Debug|Any CPU.Build.0 = Debug|Any CPU
		{990DA749-B203-4C3F-89A4-F22CC26E6657}.Release|Any CPU.ActiveCfg = Release|Any CPU
		{990DA749-B203-4C3F-89A4-F22CC26E6657}.Release|Any CPU.Build.0 = Release|Any CPU
		{13A66743-E8F5-470F-BC57-E75A0C7DE94F}.Debug|Any CPU.ActiveCfg = Debug|Any CPU
		{13A66743-E8F5-470F-BC57-E75A0C7DE94F}.Debug|Any CPU.Build.0 = Debug|Any CPU
		{13A66743-E8F5-470F-BC57-E75A0C7DE94F}.Release|Any CPU.ActiveCfg = Release|Any CPU
		{13A66743-E8F5-470F-BC57-E75A0C7DE94F}.Release|Any CPU.Build.0 = Release|Any CPU
		{3B5B7C3A-EBF4-43EC-9ACC-25614C6BDD11}.Debug|Any CPU.ActiveCfg = Debug|Any CPU
		{3B5B7C3A-EBF4-43EC-9ACC-25614C6BDD11}.Debug|Any CPU.Build.0 = Debug|Any CPU
		{3B5B7C3A-EBF4-43EC-9ACC-25614C6BDD11}.Release|Any CPU.ActiveCfg = Release|Any CPU
		{3B5B7C3A-EBF4-43EC-9ACC-25614C6BDD11}.Release|Any CPU.Build.0 = Release|Any CPU
		{9BEAC654-22DD-4B12-AA6E-5E5D9B03923B}.Debug|Any CPU.ActiveCfg = Debug|Any CPU
		{9BEAC654-22DD-4B12-AA6E-5E5D9B03923B}.Debug|Any CPU.Build.0 = Debug|Any CPU
		{9BEAC654-22DD-4B12-AA6E-5E5D9B03923B}.Release|Any CPU.ActiveCfg = Release|Any CPU
		{9BEAC654-22DD-4B12-AA6E-5E5D9B03923B}.Release|Any CPU.Build.0 = Release|Any CPU
		{0755320C-7C06-422C-96D4-44AEDB0E1B5B}.Debug|Any CPU.ActiveCfg = Debug|Any CPU
		{0755320C-7C06-422C-96D4-44AEDB0E1B5B}.Debug|Any CPU.Build.0 = Debug|Any CPU
		{0755320C-7C06-422C-96D4-44AEDB0E1B5B}.Release|Any CPU.ActiveCfg = Release|Any CPU
		{0755320C-7C06-422C-96D4-44AEDB0E1B5B}.Release|Any CPU.Build.0 = Release|Any CPU
		{F6700042-C536-46AC-AC71-6AD2555032FA}.Debug|Any CPU.ActiveCfg = Debug|Any CPU
		{F6700042-C536-46AC-AC71-6AD2555032FA}.Debug|Any CPU.Build.0 = Debug|Any CPU
		{F6700042-C536-46AC-AC71-6AD2555032FA}.Release|Any CPU.ActiveCfg = Release|Any CPU
		{F6700042-C536-46AC-AC71-6AD2555032FA}.Release|Any CPU.Build.0 = Release|Any CPU
		{BA7539B2-DF91-47A3-9C9E-400A8362897E}.Debug|Any CPU.ActiveCfg = Debug|Any CPU
		{BA7539B2-DF91-47A3-9C9E-400A8362897E}.Debug|Any CPU.Build.0 = Debug|Any CPU
		{BA7539B2-DF91-47A3-9C9E-400A8362897E}.Release|Any CPU.ActiveCfg = Release|Any CPU
		{BA7539B2-DF91-47A3-9C9E-400A8362897E}.Release|Any CPU.Build.0 = Release|Any CPU
		{22783365-6E41-4C6D-A8E3-B0548E245FB7}.Debug|Any CPU.ActiveCfg = Debug|Any CPU
		{22783365-6E41-4C6D-A8E3-B0548E245FB7}.Debug|Any CPU.Build.0 = Debug|Any CPU
		{22783365-6E41-4C6D-A8E3-B0548E245FB7}.Release|Any CPU.ActiveCfg = Release|Any CPU
		{22783365-6E41-4C6D-A8E3-B0548E245FB7}.Release|Any CPU.Build.0 = Release|Any CPU
		{3267817F-744F-48D1-B0D6-BFDD4DCB68A7}.Debug|Any CPU.ActiveCfg = Debug|Any CPU
		{3267817F-744F-48D1-B0D6-BFDD4DCB68A7}.Debug|Any CPU.Build.0 = Debug|Any CPU
		{3267817F-744F-48D1-B0D6-BFDD4DCB68A7}.Release|Any CPU.ActiveCfg = Release|Any CPU
		{3267817F-744F-48D1-B0D6-BFDD4DCB68A7}.Release|Any CPU.Build.0 = Release|Any CPU
		{E0998E8E-494F-4CAA-8BD5-692AC69F0B93}.Debug|Any CPU.ActiveCfg = Debug|Any CPU
		{E0998E8E-494F-4CAA-8BD5-692AC69F0B93}.Debug|Any CPU.Build.0 = Debug|Any CPU
		{E0998E8E-494F-4CAA-8BD5-692AC69F0B93}.Release|Any CPU.ActiveCfg = Release|Any CPU
		{E0998E8E-494F-4CAA-8BD5-692AC69F0B93}.Release|Any CPU.Build.0 = Release|Any CPU
		{A1FE1758-1E08-4350-AECD-ACAEFDD9AA9C}.Debug|Any CPU.ActiveCfg = Debug|Any CPU
		{A1FE1758-1E08-4350-AECD-ACAEFDD9AA9C}.Debug|Any CPU.Build.0 = Debug|Any CPU
		{A1FE1758-1E08-4350-AECD-ACAEFDD9AA9C}.Release|Any CPU.ActiveCfg = Release|Any CPU
		{A1FE1758-1E08-4350-AECD-ACAEFDD9AA9C}.Release|Any CPU.Build.0 = Release|Any CPU
	EndGlobalSection
	GlobalSection(SolutionProperties) = preSolution
		HideSolutionNode = FALSE
	EndGlobalSection
	GlobalSection(NestedProjects) = preSolution
		{1837B6D7-4A54-4961-995F-B70B70D00C9B} = {3D618E62-0684-4617-83EE-D176EA31F4D3}
		{FA28794B-F0F2-443A-A7BE-C311B2464E73} = {3D618E62-0684-4617-83EE-D176EA31F4D3}
		{CCDE9554-388D-4B6F-B277-CCAE1EFBFA47} = {3D618E62-0684-4617-83EE-D176EA31F4D3}
		{990DA749-B203-4C3F-89A4-F22CC26E6657} = {93B75227-7725-4B5E-9E96-33993F8A1A06}
		{13A66743-E8F5-470F-BC57-E75A0C7DE94F} = {93B75227-7725-4B5E-9E96-33993F8A1A06}
		{22783365-6E41-4C6D-A8E3-B0548E245FB7} = {3D618E62-0684-4617-83EE-D176EA31F4D3}
		{A1FE1758-1E08-4350-AECD-ACAEFDD9AA9C} = {3D618E62-0684-4617-83EE-D176EA31F4D3}
	EndGlobalSection
EndGlobal
