
Microsoft Visual Studio Solution File, Format Version 12.00
# Visual Studio 14
VisualStudioVersion = 14.0.25420.1
MinimumVisualStudioVersion = 10.0.40219.1
Project("{FAE04EC0-301F-11D3-BF4B-00C04F79EFBC}") = "Burton.Lib.Alg.PriorityQueue", "Burton.Lib.Alg.PriorityQueue\Burton.Lib.Alg.PriorityQueue.csproj", "{C888B906-6E1E-4020-8E29-9536FDECFFF5}"
EndProject
Project("{FAE04EC0-301F-11D3-BF4B-00C04F79EFBC}") = "Burton.ExtensionMethods.Float", "Burton.ExtensionMethods\Burton.ExtensionMethods.Float.csproj", "{E3606D5A-B79C-409D-8144-5217D56C5B6A}"
EndProject
Project("{FAE04EC0-301F-11D3-BF4B-00C04F79EFBC}") = "Burton.Lib.Graph", "Burton.Lib.Graph\Burton.Lib.Graph.csproj", "{2AFB63FE-05C1-4FE3-ABB7-8EB3704BA789}"
EndProject
Project("{2150E333-8FDC-42A3-9474-1A3956D46DE8}") = "Scratch", "Scratch", "{3D618E62-0684-4617-83EE-D176EA31F4D3}"
EndProject
Project("{FAE04EC0-301F-11D3-BF4B-00C04F79EFBC}") = "Burton.Lib.Types.Tuple", "Burton.Lib.Types.Tuple\Burton.Lib.Types.Tuple.csproj", "{D0788EFD-E9EC-4159-A0D5-FAF34E15A34A}"
EndProject
Project("{FAE04EC0-301F-11D3-BF4B-00C04F79EFBC}") = "IndexedPriorityQueueTests", "Scratch\IndexedPriorityQueueTests\IndexedPriorityQueueTests.csproj", "{1837B6D7-4A54-4961-995F-B70B70D00C9B}"
EndProject
Project("{FAE04EC0-301F-11D3-BF4B-00C04F79EFBC}") = "WindowsFormsApplication1", "Scratch\WindowsFormsApplication1\WindowsFormsApplication1.csproj", "{FA28794B-F0F2-443A-A7BE-C311B2464E73}"
EndProject
Project("{FAE04EC0-301F-11D3-BF4B-00C04F79EFBC}") = "IndexedPriorityQueue Console Test", "Scratch\IndexedPriorityQueue Console Test\IndexedPriorityQueue Console Test.csproj", "{CCDE9554-388D-4B6F-B277-CCAE1EFBFA47}"
EndProject
Project("{2150E333-8FDC-42A3-9474-1A3956D46DE8}") = "Burton.Applications", "Burton.Applications", "{93B75227-7725-4B5E-9E96-33993F8A1A06}"
EndProject
Project("{FAE04EC0-301F-11D3-BF4B-00C04F79EFBC}") = "MapEditor_WinForms", "Burton.Applications\MapEditor_WinForms\MapEditor_WinForms.csproj", "{990DA749-B203-4C3F-89A4-F22CC26E6657}"
EndProject
Project("{FAE04EC0-301F-11D3-BF4B-00C04F79EFBC}") = "MapEditor_WPF", "Burton.Applications\MapEditor_WPF\MapEditor_WPF.csproj", "{13A66743-E8F5-470F-BC57-E75A0C7DE94F}"
EndProject
Global
	GlobalSection(SolutionConfigurationPlatforms) = preSolution
		Debug|Any CPU = Debug|Any CPU
		Release|Any CPU = Release|Any CPU
	EndGlobalSection
	GlobalSection(ProjectConfigurationPlatforms) = postSolution
		{C888B906-6E1E-4020-8E29-9536FDECFFF5}.Debug|Any CPU.ActiveCfg = Debug|Any CPU
		{C888B906-6E1E-4020-8E29-9536FDECFFF5}.Debug|Any CPU.Build.0 = Debug|Any CPU
		{C888B906-6E1E-4020-8E29-9536FDECFFF5}.Release|Any CPU.ActiveCfg = Release|Any CPU
		{C888B906-6E1E-4020-8E29-9536FDECFFF5}.Release|Any CPU.Build.0 = Release|Any CPU
		{E3606D5A-B79C-409D-8144-5217D56C5B6A}.Debug|Any CPU.ActiveCfg = Debug|Any CPU
		{E3606D5A-B79C-409D-8144-5217D56C5B6A}.Debug|Any CPU.Build.0 = Debug|Any CPU
		{E3606D5A-B79C-409D-8144-5217D56C5B6A}.Release|Any CPU.ActiveCfg = Release|Any CPU
		{E3606D5A-B79C-409D-8144-5217D56C5B6A}.Release|Any CPU.Build.0 = Release|Any CPU
		{2AFB63FE-05C1-4FE3-ABB7-8EB3704BA789}.Debug|Any CPU.ActiveCfg = Debug|Any CPU
		{2AFB63FE-05C1-4FE3-ABB7-8EB3704BA789}.Debug|Any CPU.Build.0 = Debug|Any CPU
		{2AFB63FE-05C1-4FE3-ABB7-8EB3704BA789}.Release|Any CPU.ActiveCfg = Release|Any CPU
		{2AFB63FE-05C1-4FE3-ABB7-8EB3704BA789}.Release|Any CPU.Build.0 = Release|Any CPU
		{D0788EFD-E9EC-4159-A0D5-FAF34E15A34A}.Debug|Any CPU.ActiveCfg = Debug|Any CPU
		{D0788EFD-E9EC-4159-A0D5-FAF34E15A34A}.Debug|Any CPU.Build.0 = Debug|Any CPU
		{D0788EFD-E9EC-4159-A0D5-FAF34E15A34A}.Release|Any CPU.ActiveCfg = Release|Any CPU
		{D0788EFD-E9EC-4159-A0D5-FAF34E15A34A}.Release|Any CPU.Build.0 = Release|Any CPU
		{1837B6D7-4A54-4961-995F-B70B70D00C9B}.Debug|Any CPU.ActiveCfg = Debug|Any CPU
		{1837B6D7-4A54-4961-995F-B70B70D00C9B}.Debug|Any CPU.Build.0 = Debug|Any CPU
		{1837B6D7-4A54-4961-995F-B70B70D00C9B}.Release|Any CPU.ActiveCfg = Release|Any CPU
		{1837B6D7-4A54-4961-995F-B70B70D00C9B}.Release|Any CPU.Build.0 = Release|Any CPU
		{FA28794B-F0F2-443A-A7BE-C311B2464E73}.Debug|Any CPU.ActiveCfg = Debug|Any CPU
		{FA28794B-F0F2-443A-A7BE-C311B2464E73}.Debug|Any CPU.Build.0 = Debug|Any CPU
		{FA28794B-F0F2-443A-A7BE-C311B2464E73}.Release|Any CPU.ActiveCfg = Release|Any CPU
		{FA28794B-F0F2-443A-A7BE-C311B2464E73}.Release|Any CPU.Build.0 = Release|Any CPU
		{CCDE9554-388D-4B6F-B277-CCAE1EFBFA47}.Debug|Any CPU.ActiveCfg = Debug|Any CPU
		{CCDE9554-388D-4B6F-B277-CCAE1EFBFA47}.Debug|Any CPU.Build.0 = Debug|Any CPU
		{CCDE9554-388D-4B6F-B277-CCAE1EFBFA47}.Release|Any CPU.ActiveCfg = Release|Any CPU
		{CCDE9554-388D-4B6F-B277-CCAE1EFBFA47}.Release|Any CPU.Build.0 = Release|Any CPU
		{990DA749-B203-4C3F-89A4-F22CC26E6657}.Debug|Any CPU.ActiveCfg = Debug|Any CPU
		{990DA749-B203-4C3F-89A4-F22CC26E6657}.Debug|Any CPU.Build.0 = Debug|Any CPU
		{990DA749-B203-4C3F-89A4-F22CC26E6657}.Release|Any CPU.ActiveCfg = Release|Any CPU
		{990DA749-B203-4C3F-89A4-F22CC26E6657}.Release|Any CPU.Build.0 = Release|Any CPU
		{13A66743-E8F5-470F-BC57-E75A0C7DE94F}.Debug|Any CPU.ActiveCfg = Debug|Any CPU
		{13A66743-E8F5-470F-BC57-E75A0C7DE94F}.Debug|Any CPU.Build.0 = Debug|Any CPU
		{13A66743-E8F5-470F-BC57-E75A0C7DE94F}.Release|Any CPU.ActiveCfg = Release|Any CPU
		{13A66743-E8F5-470F-BC57-E75A0C7DE94F}.Release|Any CPU.Build.0 = Release|Any CPU
	EndGlobalSection
	GlobalSection(SolutionProperties) = preSolution
		HideSolutionNode = FALSE
	EndGlobalSection
	GlobalSection(NestedProjects) = preSolution
		{1837B6D7-4A54-4961-995F-B70B70D00C9B} = {3D618E62-0684-4617-83EE-D176EA31F4D3}
		{FA28794B-F0F2-443A-A7BE-C311B2464E73} = {3D618E62-0684-4617-83EE-D176EA31F4D3}
		{CCDE9554-388D-4B6F-B277-CCAE1EFBFA47} = {3D618E62-0684-4617-83EE-D176EA31F4D3}
		{990DA749-B203-4C3F-89A4-F22CC26E6657} = {93B75227-7725-4B5E-9E96-33993F8A1A06}
		{13A66743-E8F5-470F-BC57-E75A0C7DE94F} = {93B75227-7725-4B5E-9E96-33993F8A1A06}
	EndGlobalSection
EndGlobal
