
Microsoft Visual Studio Solution File, Format Version 12.00
# Visual Studio 2015
Project("{FAE04EC0-301F-11D3-BF4B-00C04F79EFBC}") = "D205E", "D205E.csproj", "{EC3EF487-513D-1376-077E-7FBC85E6EFF6}"
EndProject
Project("{FAE04EC0-301F-11D3-BF4B-00C04F79EFBC}") = "D205E.Editor.Plugins", "D205E.Editor.Plugins.csproj", "{09A595B4-AD0D-4D0C-ECA3-98C0B9383B2E}"
EndProject
Global
	GlobalSection(SolutionConfigurationPlatforms) = preSolution
		Debug|Any CPU = Debug|Any CPU
		Release|Any CPU = Release|Any CPU
	EndGlobalSection
	GlobalSection(ProjectConfigurationPlatforms) = postSolution
		{EC3EF487-513D-1376-077E-7FBC85E6EFF6}.Debug|Any CPU.ActiveCfg = Debug|Any CPU
		{EC3EF487-513D-1376-077E-7FBC85E6EFF6}.Debug|Any CPU.Build.0 = Debug|Any CPU
		{EC3EF487-513D-1376-077E-7FBC85E6EFF6}.Release|Any CPU.ActiveCfg = Release|Any CPU
		{EC3EF487-513D-1376-077E-7FBC85E6EFF6}.Release|Any CPU.Build.0 = Release|Any CPU
		{09A595B4-AD0D-4D0C-ECA3-98C0B9383B2E}.Debug|Any CPU.ActiveCfg = Debug|Any CPU
		{09A595B4-AD0D-4D0C-ECA3-98C0B9383B2E}.Debug|Any CPU.Build.0 = Debug|Any CPU
		{09A595B4-AD0D-4D0C-ECA3-98C0B9383B2E}.Release|Any CPU.ActiveCfg = Release|Any CPU
		{09A595B4-AD0D-4D0C-ECA3-98C0B9383B2E}.Release|Any CPU.Build.0 = Release|Any CPU
	EndGlobalSection
	GlobalSection(SolutionProperties) = preSolution
		HideSolutionNode = FALSE
	EndGlobalSection
EndGlobal
