
Microsoft Visual Studio Solution File, Format Version 12.00
# Visual Studio 2017
Project("{FAE04EC0-301F-11D3-BF4B-00C04F79EFBC}") = "D205E.Plugins", "D205E.Plugins.csproj", "{F5121ECC-AC46-88B9-2249-A77A6AC67C1C}"
EndProject
Project("{FAE04EC0-301F-11D3-BF4B-00C04F79EFBC}") = "D205E", "D205E.csproj", "{EC3EF487-513D-1376-077E-7FBC85E6EFF6}"
EndProject
Project("{FAE04EC0-301F-11D3-BF4B-00C04F79EFBC}") = "D205E.Editor.Plugins", "D205E.Editor.Plugins.csproj", "{09A595B4-AD0D-4D0C-ECA3-98C0B9383B2E}"
EndProject
Project("{FAE04EC0-301F-11D3-BF4B-00C04F79EFBC}") = "D205E.Editor", "D205E.Editor.csproj", "{40D5F9FE-00A8-DB0F-BC42-EBAA1C25C05D}"
EndProject
Project("{FAE04EC0-301F-11D3-BF4B-00C04F79EFBC}") = "Burton.Lib.Characters", "..\Burton.Lib.Character\Burton.Lib.Characters.csproj", "{F6700042-C536-46AC-AC71-6AD2555032FA}"
EndProject
Project("{FAE04EC0-301F-11D3-BF4B-00C04F79EFBC}") = "SimpleDB_Test", "..\Scratch\SimpleDB_Test\SimpleDB_Test.csproj", "{22783365-6E41-4C6D-A8E3-B0548E245FB7}"
EndProject
Project("{FAE04EC0-301F-11D3-BF4B-00C04F79EFBC}") = "Burton.Lib.SimpleDB", "..\Burton.Lib.SimpleDB\Burton.Lib.SimpleDB.csproj", "{BA7539B2-DF91-47A3-9C9E-400A8362897E}"
EndProject
Project("{FAE04EC0-301F-11D3-BF4B-00C04F79EFBC}") = "Burton.Lib.Graph", "..\Burton.Lib.Graph\Burton.Lib.Graph.csproj", "{2AFB63FE-05C1-4FE3-ABB7-8EB3704BA789}"
EndProject
Project("{FAE04EC0-301F-11D3-BF4B-00C04F79EFBC}") = "MapEditor_WinForms", "..\Burton.Applications\MapEditor_WinForms\MapEditor_WinForms.csproj", "{990DA749-B203-4C3F-89A4-F22CC26E6657}"
EndProject
Project("{FAE04EC0-301F-11D3-BF4B-00C04F79EFBC}") = "Burton.Lib.Math", "..\Burton.Lib.Math\Burton.Lib.Math.csproj", "{0755320C-7C06-422C-96D4-44AEDB0E1B5B}"
EndProject
Project("{FAE04EC0-301F-11D3-BF4B-00C04F79EFBC}") = "Burton.Lib.Game", "..\Burton.Lib.Game\Burton.Lib.Game.csproj", "{3B5B7C3A-EBF4-43EC-9ACC-25614C6BDD11}"
EndProject
Global
	GlobalSection(SolutionConfigurationPlatforms) = preSolution
		Debug|Any CPU = Debug|Any CPU
		Release|Any CPU = Release|Any CPU
	EndGlobalSection
	GlobalSection(ProjectConfigurationPlatforms) = postSolution
		{F5121ECC-AC46-88B9-2249-A77A6AC67C1C}.Debug|Any CPU.ActiveCfg = Debug|Any CPU
		{F5121ECC-AC46-88B9-2249-A77A6AC67C1C}.Debug|Any CPU.Build.0 = Debug|Any CPU
		{F5121ECC-AC46-88B9-2249-A77A6AC67C1C}.Release|Any CPU.ActiveCfg = Release|Any CPU
		{F5121ECC-AC46-88B9-2249-A77A6AC67C1C}.Release|Any CPU.Build.0 = Release|Any CPU
		{EC3EF487-513D-1376-077E-7FBC85E6EFF6}.Debug|Any CPU.ActiveCfg = Debug|Any CPU
		{EC3EF487-513D-1376-077E-7FBC85E6EFF6}.Debug|Any CPU.Build.0 = Debug|Any CPU
		{EC3EF487-513D-1376-077E-7FBC85E6EFF6}.Release|Any CPU.ActiveCfg = Release|Any CPU
		{EC3EF487-513D-1376-077E-7FBC85E6EFF6}.Release|Any CPU.Build.0 = Release|Any CPU
		{09A595B4-AD0D-4D0C-ECA3-98C0B9383B2E}.Debug|Any CPU.ActiveCfg = Debug|Any CPU
		{09A595B4-AD0D-4D0C-ECA3-98C0B9383B2E}.Debug|Any CPU.Build.0 = Debug|Any CPU
		{09A595B4-AD0D-4D0C-ECA3-98C0B9383B2E}.Release|Any CPU.ActiveCfg = Release|Any CPU
		{09A595B4-AD0D-4D0C-ECA3-98C0B9383B2E}.Release|Any CPU.Build.0 = Release|Any CPU
		{40D5F9FE-00A8-DB0F-BC42-EBAA1C25C05D}.Debug|Any CPU.ActiveCfg = Debug|Any CPU
		{40D5F9FE-00A8-DB0F-BC42-EBAA1C25C05D}.Debug|Any CPU.Build.0 = Debug|Any CPU
		{40D5F9FE-00A8-DB0F-BC42-EBAA1C25C05D}.Release|Any CPU.ActiveCfg = Release|Any CPU
		{40D5F9FE-00A8-DB0F-BC42-EBAA1C25C05D}.Release|Any CPU.Build.0 = Release|Any CPU
		{F6700042-C536-46AC-AC71-6AD2555032FA}.Debug|Any CPU.ActiveCfg = Debug|Any CPU
		{F6700042-C536-46AC-AC71-6AD2555032FA}.Debug|Any CPU.Build.0 = Debug|Any CPU
		{F6700042-C536-46AC-AC71-6AD2555032FA}.Release|Any CPU.ActiveCfg = Release|Any CPU
		{F6700042-C536-46AC-AC71-6AD2555032FA}.Release|Any CPU.Build.0 = Release|Any CPU
		{22783365-6E41-4C6D-A8E3-B0548E245FB7}.Debug|Any CPU.ActiveCfg = Debug|Any CPU
		{22783365-6E41-4C6D-A8E3-B0548E245FB7}.Debug|Any CPU.Build.0 = Debug|Any CPU
		{22783365-6E41-4C6D-A8E3-B0548E245FB7}.Release|Any CPU.ActiveCfg = Release|Any CPU
		{22783365-6E41-4C6D-A8E3-B0548E245FB7}.Release|Any CPU.Build.0 = Release|Any CPU
		{BA7539B2-DF91-47A3-9C9E-400A8362897E}.Debug|Any CPU.ActiveCfg = Debug|Any CPU
		{BA7539B2-DF91-47A3-9C9E-400A8362897E}.Debug|Any CPU.Build.0 = Debug|Any CPU
		{BA7539B2-DF91-47A3-9C9E-400A8362897E}.Release|Any CPU.ActiveCfg = Release|Any CPU
		{BA7539B2-DF91-47A3-9C9E-400A8362897E}.Release|Any CPU.Build.0 = Release|Any CPU
		{2AFB63FE-05C1-4FE3-ABB7-8EB3704BA789}.Debug|Any CPU.ActiveCfg = Debug|Any CPU
		{2AFB63FE-05C1-4FE3-ABB7-8EB3704BA789}.Debug|Any CPU.Build.0 = Debug|Any CPU
		{2AFB63FE-05C1-4FE3-ABB7-8EB3704BA789}.Release|Any CPU.ActiveCfg = Release|Any CPU
		{2AFB63FE-05C1-4FE3-ABB7-8EB3704BA789}.Release|Any CPU.Build.0 = Release|Any CPU
		{990DA749-B203-4C3F-89A4-F22CC26E6657}.Debug|Any CPU.ActiveCfg = Debug|Any CPU
		{990DA749-B203-4C3F-89A4-F22CC26E6657}.Debug|Any CPU.Build.0 = Debug|Any CPU
		{990DA749-B203-4C3F-89A4-F22CC26E6657}.Release|Any CPU.ActiveCfg = Release|Any CPU
		{990DA749-B203-4C3F-89A4-F22CC26E6657}.Release|Any CPU.Build.0 = Release|Any CPU
		{0755320C-7C06-422C-96D4-44AEDB0E1B5B}.Debug|Any CPU.ActiveCfg = Debug|Any CPU
		{0755320C-7C06-422C-96D4-44AEDB0E1B5B}.Debug|Any CPU.Build.0 = Debug|Any CPU
		{0755320C-7C06-422C-96D4-44AEDB0E1B5B}.Release|Any CPU.ActiveCfg = Release|Any CPU
		{0755320C-7C06-422C-96D4-44AEDB0E1B5B}.Release|Any CPU.Build.0 = Release|Any CPU
		{3B5B7C3A-EBF4-43EC-9ACC-25614C6BDD11}.Debug|Any CPU.ActiveCfg = Debug|Any CPU
		{3B5B7C3A-EBF4-43EC-9ACC-25614C6BDD11}.Debug|Any CPU.Build.0 = Debug|Any CPU
		{3B5B7C3A-EBF4-43EC-9ACC-25614C6BDD11}.Release|Any CPU.ActiveCfg = Release|Any CPU
		{3B5B7C3A-EBF4-43EC-9ACC-25614C6BDD11}.Release|Any CPU.Build.0 = Release|Any CPU
	EndGlobalSection
	GlobalSection(SolutionProperties) = preSolution
		HideSolutionNode = FALSE
	EndGlobalSection
EndGlobal
